schema: '2.0'
stages:
  ingest:
    cmd: python steps/ingest_data.py
    deps:
    - path: data/raw/ml-100k/u.data
      hash: md5
      md5: 6e47046882bad158b0efbb84cd5cb987
      size: 1979173
    - path: data/raw/ml-100k/u.item
      hash: md5
      md5: c9e7f390115d79079537301d5204f3f7
      size: 236344
    - path: data/raw/ml-100k/u.user
      hash: md5
      md5: 1b53539edc13caad0282c8500608a319
      size: 22628
    - path: src/ingest_strategy.py
      hash: md5
      md5: d34c1f3e4ef24c09d49291ba5f251213
      size: 1868
    - path: steps/ingest_data.py
      hash: md5
      md5: d81a8be41a879be18217def643025a40
      size: 2385
    outs:
    - path: data/processed/movies.csv
      hash: md5
      md5: a98e850fd903b42c47a8f5e6651a88de
      size: 239733
    - path: data/processed/ratings.csv
      hash: md5
      md5: 26763292aa76168d3e41e33bfc594e7d
      size: 2079207
    - path: data/processed/users.csv
      hash: md5
      md5: 0074e4d3e53891d1b6288f7dd7c68edc
      size: 23611
