schema: '2.0'
stages:
  fetch_tmdb_metadata:
    cmd: python pipelines/tmdb_metadata_pipeline.py
    deps:
    - path: pipelines/tmdb_metadata_pipeline.py
      hash: md5
      md5: 98f895f658a1b2bf3e30d2ad05a67d68
      size: 5867
    - path: services/tv_api.py
      hash: md5
      md5: 77447d58a0abbfa3293de199252ef6dc
      size: 3212
    - path: src/base_client.py
      hash: md5
      md5: 3253cefdff8be36fe8258c86b523e10b
      size: 1542
    - path: src/base_client.py
      hash: md5
      md5: 3253cefdff8be36fe8258c86b523e10b
      size: 1542
    - path: utils/downloader.py
      hash: md5
      md5: fcec66a03bda09586a467b3579a47d12
      size: 4359
    outs:
    - path: app/static/images/cast
      hash: md5
      md5: 38beecb99eb85bf1f19c46d1c73932b8.dir
      size: 348382156
      nfiles: 15692
    - path: app/static/images/movie
      hash: md5
      md5: dcf531275650cecc11cdacaefbe960b9.dir
      size: 265891892
      nfiles: 9197
    - path: app/static/images/tv
      hash: md5
      md5: e6067015b89c2821e61edb7b69fb963a.dir
      size: 175283141
      nfiles: 5644
    - path: data/raw/movies_metadata.json
      hash: md5
      md5: 1c477d0578302670163df9b3ae9ce260
      size: 624968896
    - path: data/raw/tv_metadata.json
      hash: md5
      md5: 785ebbf18be56b5a7cd977153eecb865
      size: 757877720
      